
Microsoft Visual Studio Solution File, Format Version 12.00
# Visual Studio Version 17
VisualStudioVersion = 17.0.31903.59
MinimumVisualStudioVersion = 10.0.40219.1
Project("{FAE04EC0-301F-11D3-BF4B-00C04F79EFBC}") = "learning-app", "learning-app\learning-app.csproj", "{1423BFE4-D6BE-4812-A46A-2A1AA703D95E}"
EndProject
Global
	GlobalSection(SolutionConfigurationPlatforms) = preSolution
		Debug|Any CPU = Debug|Any CPU
		Release|Any CPU = Release|Any CPU
	EndGlobalSection
	GlobalSection(SolutionProperties) = preSolution
		HideSolutionNode = FALSE
	EndGlobalSection
	GlobalSection(ProjectConfigurationPlatforms) = postSolution
		{1423BFE4-D6BE-4812-A46A-2A1AA703D95E}.Debug|Any CPU.ActiveCfg = Debug|Any CPU
		{1423BFE4-D6BE-4812-A46A-2A1AA703D95E}.Debug|Any CPU.Build.0 = Debug|Any CPU
		{1423BFE4-D6BE-4812-A46A-2A1AA703D95E}.Release|Any CPU.ActiveCfg = Release|Any CPU
		{1423BFE4-D6BE-4812-A46A-2A1AA703D95E}.Release|Any CPU.Build.0 = Release|Any CPU
	EndGlobalSection
EndGlobal
